
Microsoft Visual Studio Solution File, Format Version 12.00
# Visual Studio Version 17
VisualStudioVersion = 17.13.35825.156 d17.13
MinimumVisualStudioVersion = 10.0.40219.1
Project("{FAE04EC0-301F-11D3-BF4B-00C04F79EFBC}") = "GameVaultApp", "GameVaultApp.csproj", "{1A9897CC-550A-4311-A6AB-75822F66AC4C}"
EndProject
Global
	GlobalSection(SolutionConfigurationPlatforms) = preSolution
		Debug|Any CPU = Debug|Any CPU
		Release|Any CPU = Release|Any CPU
	EndGlobalSection
	GlobalSection(ProjectConfigurationPlatforms) = postSolution
		{1A9897CC-550A-4311-A6AB-75822F66AC4C}.Debug|Any CPU.ActiveCfg = Debug|Any CPU
		{1A9897CC-550A-4311-A6AB-75822F66AC4C}.Debug|Any CPU.Build.0 = Debug|Any CPU
		{1A9897CC-550A-4311-A6AB-75822F66AC4C}.Release|Any CPU.ActiveCfg = Release|Any CPU
		{1A9897CC-550A-4311-A6AB-75822F66AC4C}.Release|Any CPU.Build.0 = Release|Any CPU
	EndGlobalSection
	GlobalSection(SolutionProperties) = preSolution
		HideSolutionNode = FALSE
	EndGlobalSection
	GlobalSection(ExtensibilityGlobals) = postSolution
		SolutionGuid = {BF57574A-3EB7-4E0F-A334-EA36AF82CF51}
	EndGlobalSection
EndGlobal
